
Microsoft Visual Studio Solution File, Format Version 12.00
# Visual Studio 14
VisualStudioVersion = 14.0.25123.0
MinimumVisualStudioVersion = 10.0.40219.1
Project("{FAE04EC0-301F-11D3-BF4B-00C04F79EFBC}") = "AppTeste.Droid", "AppTeste\AppTeste.Droid\AppTeste.Droid.csproj", "{D78203F1-E414-4539-BF8E-6AE068163E91}"
EndProject
Project("{FAE04EC0-301F-11D3-BF4B-00C04F79EFBC}") = "AppTeste.iOS", "AppTeste\AppTeste.iOS\AppTeste.iOS.csproj", "{613B9CD5-625D-4AAF-AD9C-F28247C8DA0A}"
EndProject
Project("{FAE04EC0-301F-11D3-BF4B-00C04F79EFBC}") = "AppTeste.WinPhone", "AppTeste\AppTeste.WinPhone\AppTeste.WinPhone.csproj", "{ED408852-27E5-4C21-8DB0-8D165A1BF517}"
EndProject
Project("{FAE04EC0-301F-11D3-BF4B-00C04F79EFBC}") = "AppTeste", "AppTeste\AppTeste\AppTeste.csproj", "{CBCDF20C-7E0B-41F2-8C74-C02701D89008}"
EndProject
Global
	GlobalSection(SolutionConfigurationPlatforms) = preSolution
		Ad-Hoc|Any CPU = Ad-Hoc|Any CPU
		Ad-Hoc|ARM = Ad-Hoc|ARM
		Ad-Hoc|iPhone = Ad-Hoc|iPhone
		Ad-Hoc|iPhoneSimulator = Ad-Hoc|iPhoneSimulator
		Ad-Hoc|x64 = Ad-Hoc|x64
		Ad-Hoc|x86 = Ad-Hoc|x86
		AppStore|Any CPU = AppStore|Any CPU
		AppStore|ARM = AppStore|ARM
		AppStore|iPhone = AppStore|iPhone
		AppStore|iPhoneSimulator = AppStore|iPhoneSimulator
		AppStore|x64 = AppStore|x64
		AppStore|x86 = AppStore|x86
		Debug|Any CPU = Debug|Any CPU
		Debug|ARM = Debug|ARM
		Debug|iPhone = Debug|iPhone
		Debug|iPhoneSimulator = Debug|iPhoneSimulator
		Debug|x64 = Debug|x64
		Debug|x86 = Debug|x86
		Release|Any CPU = Release|Any CPU
		Release|ARM = Release|ARM
		Release|iPhone = Release|iPhone
		Release|iPhoneSimulator = Release|iPhoneSimulator
		Release|x64 = Release|x64
		Release|x86 = Release|x86
	EndGlobalSection
	GlobalSection(ProjectConfigurationPlatforms) = postSolution
		{D78203F1-E414-4539-BF8E-6AE068163E91}.Ad-Hoc|Any CPU.ActiveCfg = Release|Any CPU
		{D78203F1-E414-4539-BF8E-6AE068163E91}.Ad-Hoc|Any CPU.Build.0 = Release|Any CPU
		{D78203F1-E414-4539-BF8E-6AE068163E91}.Ad-Hoc|Any CPU.Deploy.0 = Release|Any CPU
		{D78203F1-E414-4539-BF8E-6AE068163E91}.Ad-Hoc|ARM.ActiveCfg = Release|Any CPU
		{D78203F1-E414-4539-BF8E-6AE068163E91}.Ad-Hoc|ARM.Build.0 = Release|Any CPU
		{D78203F1-E414-4539-BF8E-6AE068163E91}.Ad-Hoc|ARM.Deploy.0 = Release|Any CPU
		{D78203F1-E414-4539-BF8E-6AE068163E91}.Ad-Hoc|iPhone.ActiveCfg = Release|Any CPU
		{D78203F1-E414-4539-BF8E-6AE068163E91}.Ad-Hoc|iPhone.Build.0 = Release|Any CPU
		{D78203F1-E414-4539-BF8E-6AE068163E91}.Ad-Hoc|iPhone.Deploy.0 = Release|Any CPU
		{D78203F1-E414-4539-BF8E-6AE068163E91}.Ad-Hoc|iPhoneSimulator.ActiveCfg = Release|Any CPU
		{D78203F1-E414-4539-BF8E-6AE068163E91}.Ad-Hoc|iPhoneSimulator.Build.0 = Release|Any CPU
		{D78203F1-E414-4539-BF8E-6AE068163E91}.Ad-Hoc|iPhoneSimulator.Deploy.0 = Release|Any CPU
		{D78203F1-E414-4539-BF8E-6AE068163E91}.Ad-Hoc|x64.ActiveCfg = Release|Any CPU
		{D78203F1-E414-4539-BF8E-6AE068163E91}.Ad-Hoc|x64.Build.0 = Release|Any CPU
		{D78203F1-E414-4539-BF8E-6AE068163E91}.Ad-Hoc|x64.Deploy.0 = Release|Any CPU
		{D78203F1-E414-4539-BF8E-6AE068163E91}.Ad-Hoc|x86.ActiveCfg = Release|Any CPU
		{D78203F1-E414-4539-BF8E-6AE068163E91}.Ad-Hoc|x86.Build.0 = Release|Any CPU
		{D78203F1-E414-4539-BF8E-6AE068163E91}.Ad-Hoc|x86.Deploy.0 = Release|Any CPU
		{D78203F1-E414-4539-BF8E-6AE068163E91}.AppStore|Any CPU.ActiveCfg = Release|Any CPU
		{D78203F1-E414-4539-BF8E-6AE068163E91}.AppStore|Any CPU.Build.0 = Release|Any CPU
		{D78203F1-E414-4539-BF8E-6AE068163E91}.AppStore|Any CPU.Deploy.0 = Release|Any CPU
		{D78203F1-E414-4539-BF8E-6AE068163E91}.AppStore|ARM.ActiveCfg = Release|Any CPU
		{D78203F1-E414-4539-BF8E-6AE068163E91}.AppStore|ARM.Build.0 = Release|Any CPU
		{D78203F1-E414-4539-BF8E-6AE068163E91}.AppStore|ARM.Deploy.0 = Release|Any CPU
		{D78203F1-E414-4539-BF8E-6AE068163E91}.AppStore|iPhone.ActiveCfg = Release|Any CPU
		{D78203F1-E414-4539-BF8E-6AE068163E91}.AppStore|iPhone.Build.0 = Release|Any CPU
		{D78203F1-E414-4539-BF8E-6AE068163E91}.AppStore|iPhone.Deploy.0 = Release|Any CPU
		{D78203F1-E414-4539-BF8E-6AE068163E91}.AppStore|iPhoneSimulator.ActiveCfg = Release|Any CPU
		{D78203F1-E414-4539-BF8E-6AE068163E91}.AppStore|iPhoneSimulator.Build.0 = Release|Any CPU
		{D78203F1-E414-4539-BF8E-6AE068163E91}.AppStore|iPhoneSimulator.Deploy.0 = Release|Any CPU
		{D78203F1-E414-4539-BF8E-6AE068163E91}.AppStore|x64.ActiveCfg = Release|Any CPU
		{D78203F1-E414-4539-BF8E-6AE068163E91}.AppStore|x64.Build.0 = Release|Any CPU
		{D78203F1-E414-4539-BF8E-6AE068163E91}.AppStore|x64.Deploy.0 = Release|Any CPU
		{D78203F1-E414-4539-BF8E-6AE068163E91}.AppStore|x86.ActiveCfg = Release|Any CPU
		{D78203F1-E414-4539-BF8E-6AE068163E91}.AppStore|x86.Build.0 = Release|Any CPU
		{D78203F1-E414-4539-BF8E-6AE068163E91}.AppStore|x86.Deploy.0 = Release|Any CPU
		{D78203F1-E414-4539-BF8E-6AE068163E91}.Debug|Any CPU.ActiveCfg = Debug|Any CPU
		{D78203F1-E414-4539-BF8E-6AE068163E91}.Debug|Any CPU.Build.0 = Debug|Any CPU
		{D78203F1-E414-4539-BF8E-6AE068163E91}.Debug|Any CPU.Deploy.0 = Debug|Any CPU
		{D78203F1-E414-4539-BF8E-6AE068163E91}.Debug|ARM.ActiveCfg = Debug|Any CPU
		{D78203F1-E414-4539-BF8E-6AE068163E91}.Debug|ARM.Build.0 = Debug|Any CPU
		{D78203F1-E414-4539-BF8E-6AE068163E91}.Debug|ARM.Deploy.0 = Debug|Any CPU
		{D78203F1-E414-4539-BF8E-6AE068163E91}.Debug|iPhone.ActiveCfg = Debug|Any CPU
		{D78203F1-E414-4539-BF8E-6AE068163E91}.Debug|iPhone.Build.0 = Debug|Any CPU
		{D78203F1-E414-4539-BF8E-6AE068163E91}.Debug|iPhone.Deploy.0 = Debug|Any CPU
		{D78203F1-E414-4539-BF8E-6AE068163E91}.Debug|iPhoneSimulator.ActiveCfg = Debug|Any CPU
		{D78203F1-E414-4539-BF8E-6AE068163E91}.Debug|iPhoneSimulator.Build.0 = Debug|Any CPU
		{D78203F1-E414-4539-BF8E-6AE068163E91}.Debug|iPhoneSimulator.Deploy.0 = Debug|Any CPU
		{D78203F1-E414-4539-BF8E-6AE068163E91}.Debug|x64.ActiveCfg = Debug|Any CPU
		{D78203F1-E414-4539-BF8E-6AE068163E91}.Debug|x64.Build.0 = Debug|Any CPU
		{D78203F1-E414-4539-BF8E-6AE068163E91}.Debug|x64.Deploy.0 = Debug|Any CPU
		{D78203F1-E414-4539-BF8E-6AE068163E91}.Debug|x86.ActiveCfg = Debug|Any CPU
		{D78203F1-E414-4539-BF8E-6AE068163E91}.Debug|x86.Build.0 = Debug|Any CPU
		{D78203F1-E414-4539-BF8E-6AE068163E91}.Debug|x86.Deploy.0 = Debug|Any CPU
		{D78203F1-E414-4539-BF8E-6AE068163E91}.Release|Any CPU.ActiveCfg = Release|Any CPU
		{D78203F1-E414-4539-BF8E-6AE068163E91}.Release|Any CPU.Build.0 = Release|Any CPU
		{D78203F1-E414-4539-BF8E-6AE068163E91}.Release|Any CPU.Deploy.0 = Release|Any CPU
		{D78203F1-E414-4539-BF8E-6AE068163E91}.Release|ARM.ActiveCfg = Release|Any CPU
		{D78203F1-E414-4539-BF8E-6AE068163E91}.Release|ARM.Build.0 = Release|Any CPU
		{D78203F1-E414-4539-BF8E-6AE068163E91}.Release|ARM.Deploy.0 = Release|Any CPU
		{D78203F1-E414-4539-BF8E-6AE068163E91}.Release|iPhone.ActiveCfg = Release|Any CPU
		{D78203F1-E414-4539-BF8E-6AE068163E91}.Release|iPhone.Build.0 = Release|Any CPU
		{D78203F1-E414-4539-BF8E-6AE068163E91}.Release|iPhone.Deploy.0 = Release|Any CPU
		{D78203F1-E414-4539-BF8E-6AE068163E91}.Release|iPhoneSimulator.ActiveCfg = Release|Any CPU
		{D78203F1-E414-4539-BF8E-6AE068163E91}.Release|iPhoneSimulator.Build.0 = Release|Any CPU
		{D78203F1-E414-4539-BF8E-6AE068163E91}.Release|iPhoneSimulator.Deploy.0 = Release|Any CPU
		{D78203F1-E414-4539-BF8E-6AE068163E91}.Release|x64.ActiveCfg = Release|Any CPU
		{D78203F1-E414-4539-BF8E-6AE068163E91}.Release|x64.Build.0 = Release|Any CPU
		{D78203F1-E414-4539-BF8E-6AE068163E91}.Release|x64.Deploy.0 = Release|Any CPU
		{D78203F1-E414-4539-BF8E-6AE068163E91}.Release|x86.ActiveCfg = Release|Any CPU
		{D78203F1-E414-4539-BF8E-6AE068163E91}.Release|x86.Build.0 = Release|Any CPU
		{D78203F1-E414-4539-BF8E-6AE068163E91}.Release|x86.Deploy.0 = Release|Any CPU
		{613B9CD5-625D-4AAF-AD9C-F28247C8DA0A}.Ad-Hoc|Any CPU.ActiveCfg = Ad-Hoc|iPhone
		{613B9CD5-625D-4AAF-AD9C-F28247C8DA0A}.Ad-Hoc|ARM.ActiveCfg = Ad-Hoc|iPhone
		{613B9CD5-625D-4AAF-AD9C-F28247C8DA0A}.Ad-Hoc|iPhone.ActiveCfg = Ad-Hoc|iPhone
		{613B9CD5-625D-4AAF-AD9C-F28247C8DA0A}.Ad-Hoc|iPhone.Build.0 = Ad-Hoc|iPhone
		{613B9CD5-625D-4AAF-AD9C-F28247C8DA0A}.Ad-Hoc|iPhoneSimulator.ActiveCfg = Ad-Hoc|iPhoneSimulator
		{613B9CD5-625D-4AAF-AD9C-F28247C8DA0A}.Ad-Hoc|iPhoneSimulator.Build.0 = Ad-Hoc|iPhoneSimulator
		{613B9CD5-625D-4AAF-AD9C-F28247C8DA0A}.Ad-Hoc|x64.ActiveCfg = Ad-Hoc|iPhone
		{613B9CD5-625D-4AAF-AD9C-F28247C8DA0A}.Ad-Hoc|x86.ActiveCfg = Ad-Hoc|iPhone
		{613B9CD5-625D-4AAF-AD9C-F28247C8DA0A}.AppStore|Any CPU.ActiveCfg = AppStore|iPhone
		{613B9CD5-625D-4AAF-AD9C-F28247C8DA0A}.AppStore|ARM.ActiveCfg = AppStore|iPhone
		{613B9CD5-625D-4AAF-AD9C-F28247C8DA0A}.AppStore|iPhone.ActiveCfg = AppStore|iPhone
		{613B9CD5-625D-4AAF-AD9C-F28247C8DA0A}.AppStore|iPhone.Build.0 = AppStore|iPhone
		{613B9CD5-625D-4AAF-AD9C-F28247C8DA0A}.AppStore|iPhoneSimulator.ActiveCfg = AppStore|iPhoneSimulator
		{613B9CD5-625D-4AAF-AD9C-F28247C8DA0A}.AppStore|iPhoneSimulator.Build.0 = AppStore|iPhoneSimulator
		{613B9CD5-625D-4AAF-AD9C-F28247C8DA0A}.AppStore|x64.ActiveCfg = AppStore|iPhone
		{613B9CD5-625D-4AAF-AD9C-F28247C8DA0A}.AppStore|x86.ActiveCfg = AppStore|iPhone
		{613B9CD5-625D-4AAF-AD9C-F28247C8DA0A}.Debug|Any CPU.ActiveCfg = Debug|iPhone
		{613B9CD5-625D-4AAF-AD9C-F28247C8DA0A}.Debug|ARM.ActiveCfg = Debug|iPhone
		{613B9CD5-625D-4AAF-AD9C-F28247C8DA0A}.Debug|iPhone.ActiveCfg = Debug|iPhone
		{613B9CD5-625D-4AAF-AD9C-F28247C8DA0A}.Debug|iPhone.Build.0 = Debug|iPhone
		{613B9CD5-625D-4AAF-AD9C-F28247C8DA0A}.Debug|iPhoneSimulator.ActiveCfg = Debug|iPhoneSimulator
		{613B9CD5-625D-4AAF-AD9C-F28247C8DA0A}.Debug|iPhoneSimulator.Build.0 = Debug|iPhoneSimulator
		{613B9CD5-625D-4AAF-AD9C-F28247C8DA0A}.Debug|x64.ActiveCfg = Debug|iPhone
		{613B9CD5-625D-4AAF-AD9C-F28247C8DA0A}.Debug|x86.ActiveCfg = Debug|iPhone
		{613B9CD5-625D-4AAF-AD9C-F28247C8DA0A}.Release|Any CPU.ActiveCfg = Release|iPhone
		{613B9CD5-625D-4AAF-AD9C-F28247C8DA0A}.Release|ARM.ActiveCfg = Release|iPhone
		{613B9CD5-625D-4AAF-AD9C-F28247C8DA0A}.Release|iPhone.ActiveCfg = Release|iPhone
		{613B9CD5-625D-4AAF-AD9C-F28247C8DA0A}.Release|iPhone.Build.0 = Release|iPhone
		{613B9CD5-625D-4AAF-AD9C-F28247C8DA0A}.Release|iPhoneSimulator.ActiveCfg = Release|iPhoneSimulator
		{613B9CD5-625D-4AAF-AD9C-F28247C8DA0A}.Release|iPhoneSimulator.Build.0 = Release|iPhoneSimulator
		{613B9CD5-625D-4AAF-AD9C-F28247C8DA0A}.Release|x64.ActiveCfg = Release|iPhone
		{613B9CD5-625D-4AAF-AD9C-F28247C8DA0A}.Release|x86.ActiveCfg = Release|iPhone
		{ED408852-27E5-4C21-8DB0-8D165A1BF517}.Ad-Hoc|Any CPU.ActiveCfg = Release|Any CPU
		{ED408852-27E5-4C21-8DB0-8D165A1BF517}.Ad-Hoc|Any CPU.Build.0 = Release|Any CPU
		{ED408852-27E5-4C21-8DB0-8D165A1BF517}.Ad-Hoc|Any CPU.Deploy.0 = Release|Any CPU
		{ED408852-27E5-4C21-8DB0-8D165A1BF517}.Ad-Hoc|ARM.ActiveCfg = Release|ARM
		{ED408852-27E5-4C21-8DB0-8D165A1BF517}.Ad-Hoc|ARM.Build.0 = Release|ARM
		{ED408852-27E5-4C21-8DB0-8D165A1BF517}.Ad-Hoc|ARM.Deploy.0 = Release|ARM
		{ED408852-27E5-4C21-8DB0-8D165A1BF517}.Ad-Hoc|iPhone.ActiveCfg = Release|Any CPU
		{ED408852-27E5-4C21-8DB0-8D165A1BF517}.Ad-Hoc|iPhone.Build.0 = Release|Any CPU
		{ED408852-27E5-4C21-8DB0-8D165A1BF517}.Ad-Hoc|iPhone.Deploy.0 = Release|Any CPU
		{ED408852-27E5-4C21-8DB0-8D165A1BF517}.Ad-Hoc|iPhoneSimulator.ActiveCfg = Release|Any CPU
		{ED408852-27E5-4C21-8DB0-8D165A1BF517}.Ad-Hoc|iPhoneSimulator.Build.0 = Release|Any CPU
		{ED408852-27E5-4C21-8DB0-8D165A1BF517}.Ad-Hoc|iPhoneSimulator.Deploy.0 = Release|Any CPU
		{ED408852-27E5-4C21-8DB0-8D165A1BF517}.Ad-Hoc|x64.ActiveCfg = Release|Any CPU
		{ED408852-27E5-4C21-8DB0-8D165A1BF517}.Ad-Hoc|x64.Build.0 = Release|Any CPU
		{ED408852-27E5-4C21-8DB0-8D165A1BF517}.Ad-Hoc|x64.Deploy.0 = Release|Any CPU
		{ED408852-27E5-4C21-8DB0-8D165A1BF517}.Ad-Hoc|x86.ActiveCfg = Release|x86
		{ED408852-27E5-4C21-8DB0-8D165A1BF517}.Ad-Hoc|x86.Build.0 = Release|x86
		{ED408852-27E5-4C21-8DB0-8D165A1BF517}.Ad-Hoc|x86.Deploy.0 = Release|x86
		{ED408852-27E5-4C21-8DB0-8D165A1BF517}.AppStore|Any CPU.ActiveCfg = Release|Any CPU
		{ED408852-27E5-4C21-8DB0-8D165A1BF517}.AppStore|Any CPU.Build.0 = Release|Any CPU
		{ED408852-27E5-4C21-8DB0-8D165A1BF517}.AppStore|Any CPU.Deploy.0 = Release|Any CPU
		{ED408852-27E5-4C21-8DB0-8D165A1BF517}.AppStore|ARM.ActiveCfg = Release|ARM
		{ED408852-27E5-4C21-8DB0-8D165A1BF517}.AppStore|ARM.Build.0 = Release|ARM
		{ED408852-27E5-4C21-8DB0-8D165A1BF517}.AppStore|ARM.Deploy.0 = Release|ARM
		{ED408852-27E5-4C21-8DB0-8D165A1BF517}.AppStore|iPhone.ActiveCfg = Release|Any CPU
		{ED408852-27E5-4C21-8DB0-8D165A1BF517}.AppStore|iPhone.Build.0 = Release|Any CPU
		{ED408852-27E5-4C21-8DB0-8D165A1BF517}.AppStore|iPhone.Deploy.0 = Release|Any CPU
		{ED408852-27E5-4C21-8DB0-8D165A1BF517}.AppStore|iPhoneSimulator.ActiveCfg = Release|Any CPU
		{ED408852-27E5-4C21-8DB0-8D165A1BF517}.AppStore|iPhoneSimulator.Build.0 = Release|Any CPU
		{ED408852-27E5-4C21-8DB0-8D165A1BF517}.AppStore|iPhoneSimulator.Deploy.0 = Release|Any CPU
		{ED408852-27E5-4C21-8DB0-8D165A1BF517}.AppStore|x64.ActiveCfg = Release|Any CPU
		{ED408852-27E5-4C21-8DB0-8D165A1BF517}.AppStore|x64.Build.0 = Release|Any CPU
		{ED408852-27E5-4C21-8DB0-8D165A1BF517}.AppStore|x64.Deploy.0 = Release|Any CPU
		{ED408852-27E5-4C21-8DB0-8D165A1BF517}.AppStore|x86.ActiveCfg = Release|x86
		{ED408852-27E5-4C21-8DB0-8D165A1BF517}.AppStore|x86.Build.0 = Release|x86
		{ED408852-27E5-4C21-8DB0-8D165A1BF517}.AppStore|x86.Deploy.0 = Release|x86
		{ED408852-27E5-4C21-8DB0-8D165A1BF517}.Debug|Any CPU.ActiveCfg = Debug|Any CPU
		{ED408852-27E5-4C21-8DB0-8D165A1BF517}.Debug|Any CPU.Build.0 = Debug|Any CPU
		{ED408852-27E5-4C21-8DB0-8D165A1BF517}.Debug|Any CPU.Deploy.0 = Debug|Any CPU
		{ED408852-27E5-4C21-8DB0-8D165A1BF517}.Debug|ARM.ActiveCfg = Debug|ARM
		{ED408852-27E5-4C21-8DB0-8D165A1BF517}.Debug|ARM.Build.0 = Debug|ARM
		{ED408852-27E5-4C21-8DB0-8D165A1BF517}.Debug|ARM.Deploy.0 = Debug|ARM
		{ED408852-27E5-4C21-8DB0-8D165A1BF517}.Debug|iPhone.ActiveCfg = Debug|Any CPU
		{ED408852-27E5-4C21-8DB0-8D165A1BF517}.Debug|iPhone.Build.0 = Debug|Any CPU
		{ED408852-27E5-4C21-8DB0-8D165A1BF517}.Debug|iPhone.Deploy.0 = Debug|Any CPU
		{ED408852-27E5-4C21-8DB0-8D165A1BF517}.Debug|iPhoneSimulator.ActiveCfg = Debug|Any CPU
		{ED408852-27E5-4C21-8DB0-8D165A1BF517}.Debug|iPhoneSimulator.Build.0 = Debug|Any CPU
		{ED408852-27E5-4C21-8DB0-8D165A1BF517}.Debug|iPhoneSimulator.Deploy.0 = Debug|Any CPU
		{ED408852-27E5-4C21-8DB0-8D165A1BF517}.Debug|x64.ActiveCfg = Debug|Any CPU
		{ED408852-27E5-4C21-8DB0-8D165A1BF517}.Debug|x64.Build.0 = Debug|Any CPU
		{ED408852-27E5-4C21-8DB0-8D165A1BF517}.Debug|x64.Deploy.0 = Debug|Any CPU
		{ED408852-27E5-4C21-8DB0-8D165A1BF517}.Debug|x86.ActiveCfg = Debug|x86
		{ED408852-27E5-4C21-8DB0-8D165A1BF517}.Debug|x86.Build.0 = Debug|x86
		{ED408852-27E5-4C21-8DB0-8D165A1BF517}.Debug|x86.Deploy.0 = Debug|x86
		{ED408852-27E5-4C21-8DB0-8D165A1BF517}.Release|Any CPU.ActiveCfg = Release|Any CPU
		{ED408852-27E5-4C21-8DB0-8D165A1BF517}.Release|Any CPU.Build.0 = Release|Any CPU
		{ED408852-27E5-4C21-8DB0-8D165A1BF517}.Release|Any CPU.Deploy.0 = Release|Any CPU
		{ED408852-27E5-4C21-8DB0-8D165A1BF517}.Release|ARM.ActiveCfg = Release|ARM
		{ED408852-27E5-4C21-8DB0-8D165A1BF517}.Release|ARM.Build.0 = Release|ARM
		{ED408852-27E5-4C21-8DB0-8D165A1BF517}.Release|ARM.Deploy.0 = Release|ARM
		{ED408852-27E5-4C21-8DB0-8D165A1BF517}.Release|iPhone.ActiveCfg = Release|Any CPU
		{ED408852-27E5-4C21-8DB0-8D165A1BF517}.Release|iPhone.Build.0 = Release|Any CPU
		{ED408852-27E5-4C21-8DB0-8D165A1BF517}.Release|iPhone.Deploy.0 = Release|Any CPU
		{ED408852-27E5-4C21-8DB0-8D165A1BF517}.Release|iPhoneSimulator.ActiveCfg = Release|Any CPU
		{ED408852-27E5-4C21-8DB0-8D165A1BF517}.Release|iPhoneSimulator.Build.0 = Release|Any CPU
		{ED408852-27E5-4C21-8DB0-8D165A1BF517}.Release|iPhoneSimulator.Deploy.0 = Release|Any CPU
		{ED408852-27E5-4C21-8DB0-8D165A1BF517}.Release|x64.ActiveCfg = Release|Any CPU
		{ED408852-27E5-4C21-8DB0-8D165A1BF517}.Release|x64.Build.0 = Release|Any CPU
		{ED408852-27E5-4C21-8DB0-8D165A1BF517}.Release|x64.Deploy.0 = Release|Any CPU
		{ED408852-27E5-4C21-8DB0-8D165A1BF517}.Release|x86.ActiveCfg = Release|x86
		{ED408852-27E5-4C21-8DB0-8D165A1BF517}.Release|x86.Build.0 = Release|x86
		{ED408852-27E5-4C21-8DB0-8D165A1BF517}.Release|x86.Deploy.0 = Release|x86
		{CBCDF20C-7E0B-41F2-8C74-C02701D89008}.Ad-Hoc|Any CPU.ActiveCfg = Release|Any CPU
		{CBCDF20C-7E0B-41F2-8C74-C02701D89008}.Ad-Hoc|Any CPU.Build.0 = Release|Any CPU
		{CBCDF20C-7E0B-41F2-8C74-C02701D89008}.Ad-Hoc|ARM.ActiveCfg = Release|Any CPU
		{CBCDF20C-7E0B-41F2-8C74-C02701D89008}.Ad-Hoc|ARM.Build.0 = Release|Any CPU
		{CBCDF20C-7E0B-41F2-8C74-C02701D89008}.Ad-Hoc|iPhone.ActiveCfg = Release|Any CPU
		{CBCDF20C-7E0B-41F2-8C74-C02701D89008}.Ad-Hoc|iPhone.Build.0 = Release|Any CPU
		{CBCDF20C-7E0B-41F2-8C74-C02701D89008}.Ad-Hoc|iPhoneSimulator.ActiveCfg = Release|Any CPU
		{CBCDF20C-7E0B-41F2-8C74-C02701D89008}.Ad-Hoc|iPhoneSimulator.Build.0 = Release|Any CPU
		{CBCDF20C-7E0B-41F2-8C74-C02701D89008}.Ad-Hoc|x64.ActiveCfg = Release|Any CPU
		{CBCDF20C-7E0B-41F2-8C74-C02701D89008}.Ad-Hoc|x64.Build.0 = Release|Any CPU
		{CBCDF20C-7E0B-41F2-8C74-C02701D89008}.Ad-Hoc|x86.ActiveCfg = Release|Any CPU
		{CBCDF20C-7E0B-41F2-8C74-C02701D89008}.Ad-Hoc|x86.Build.0 = Release|Any CPU
		{CBCDF20C-7E0B-41F2-8C74-C02701D89008}.AppStore|Any CPU.ActiveCfg = Release|Any CPU
		{CBCDF20C-7E0B-41F2-8C74-C02701D89008}.AppStore|Any CPU.Build.0 = Release|Any CPU
		{CBCDF20C-7E0B-41F2-8C74-C02701D89008}.AppStore|ARM.ActiveCfg = Release|Any CPU
		{CBCDF20C-7E0B-41F2-8C74-C02701D89008}.AppStore|ARM.Build.0 = Release|Any CPU
		{CBCDF20C-7E0B-41F2-8C74-C02701D89008}.AppStore|iPhone.ActiveCfg = Release|Any CPU
		{CBCDF20C-7E0B-41F2-8C74-C02701D89008}.AppStore|iPhone.Build.0 = Release|Any CPU
		{CBCDF20C-7E0B-41F2-8C74-C02701D89008}.AppStore|iPhoneSimulator.ActiveCfg = Release|Any CPU
		{CBCDF20C-7E0B-41F2-8C74-C02701D89008}.AppStore|iPhoneSimulator.Build.0 = Release|Any CPU
		{CBCDF20C-7E0B-41F2-8C74-C02701D89008}.AppStore|x64.ActiveCfg = Release|Any CPU
		{CBCDF20C-7E0B-41F2-8C74-C02701D89008}.AppStore|x64.Build.0 = Release|Any CPU
		{CBCDF20C-7E0B-41F2-8C74-C02701D89008}.AppStore|x86.ActiveCfg = Release|Any CPU
		{CBCDF20C-7E0B-41F2-8C74-C02701D89008}.AppStore|x86.Build.0 = Release|Any CPU
		{CBCDF20C-7E0B-41F2-8C74-C02701D89008}.Debug|Any CPU.ActiveCfg = Debug|Any CPU
		{CBCDF20C-7E0B-41F2-8C74-C02701D89008}.Debug|Any CPU.Build.0 = Debug|Any CPU
		{CBCDF20C-7E0B-41F2-8C74-C02701D89008}.Debug|ARM.ActiveCfg = Debug|Any CPU
		{CBCDF20C-7E0B-41F2-8C74-C02701D89008}.Debug|ARM.Build.0 = Debug|Any CPU
		{CBCDF20C-7E0B-41F2-8C74-C02701D89008}.Debug|iPhone.ActiveCfg = Debug|Any CPU
		{CBCDF20C-7E0B-41F2-8C74-C02701D89008}.Debug|iPhone.Build.0 = Debug|Any CPU
		{CBCDF20C-7E0B-41F2-8C74-C02701D89008}.Debug|iPhoneSimulator.ActiveCfg = Debug|Any CPU
		{CBCDF20C-7E0B-41F2-8C74-C02701D89008}.Debug|iPhoneSimulator.Build.0 = Debug|Any CPU
		{CBCDF20C-7E0B-41F2-8C74-C02701D89008}.Debug|x64.ActiveCfg = Debug|Any CPU
		{CBCDF20C-7E0B-41F2-8C74-C02701D89008}.Debug|x64.Build.0 = Debug|Any CPU
		{CBCDF20C-7E0B-41F2-8C74-C02701D89008}.Debug|x86.ActiveCfg = Debug|Any CPU
		{CBCDF20C-7E0B-41F2-8C74-C02701D89008}.Debug|x86.Build.0 = Debug|Any CPU
		{CBCDF20C-7E0B-41F2-8C74-C02701D89008}.Release|Any CPU.ActiveCfg = Release|Any CPU
		{CBCDF20C-7E0B-41F2-8C74-C02701D89008}.Release|Any CPU.Build.0 = Release|Any CPU
		{CBCDF20C-7E0B-41F2-8C74-C02701D89008}.Release|ARM.ActiveCfg = Release|Any CPU
		{CBCDF20C-7E0B-41F2-8C74-C02701D89008}.Release|ARM.Build.0 = Release|Any CPU
		{CBCDF20C-7E0B-41F2-8C74-C02701D89008}.Release|iPhone.ActiveCfg = Release|Any CPU
		{CBCDF20C-7E0B-41F2-8C74-C02701D89008}.Release|iPhone.Build.0 = Release|Any CPU
		{CBCDF20C-7E0B-41F2-8C74-C02701D89008}.Release|iPhoneSimulator.ActiveCfg = Release|Any CPU
		{CBCDF20C-7E0B-41F2-8C74-C02701D89008}.Release|iPhoneSimulator.Build.0 = Release|Any CPU
		{CBCDF20C-7E0B-41F2-8C74-C02701D89008}.Release|x64.ActiveCfg = Release|Any CPU
		{CBCDF20C-7E0B-41F2-8C74-C02701D89008}.Release|x64.Build.0 = Release|Any CPU
		{CBCDF20C-7E0B-41F2-8C74-C02701D89008}.Release|x86.ActiveCfg = Release|Any CPU
		{CBCDF20C-7E0B-41F2-8C74-C02701D89008}.Release|x86.Build.0 = Release|Any CPU
	EndGlobalSection
	GlobalSection(SolutionProperties) = preSolution
		HideSolutionNode = FALSE
	EndGlobalSection
EndGlobal
